{
  "object": {
    "pins": [
      {
        "package": "swift-nio",
        "repositoryURL": "https://github.com/apple/swift-nio.git",
        "state": {
          "branch": null,
          "revision": "22d49070c556f9b9f741345938af9892473c9f13",
          "version": "2.0.2"
        }
      },
      {
        "package": "swift-nio-ssl",
        "repositoryURL": "https://github.com/apple/swift-nio-ssl.git",
        "state": {
          "branch": null,
          "revision": "f9ac0c3486f8e9333e791caf135e3fe067e0e66c",
          "version": "2.0.2"
        }
      }
    ]
  },
  "version": 1
}
